// !$*UTF8*$!
{
	archiveVersion = 1;
	classes = {
	};
	objectVersion = 56;
	objects = {

/* Begin PBXBuildFile section */
		B11178342A279B9300E5AFCB /* ScrollFlex.docc in Sources */ = {isa = PBXBuildFile; fileRef = B11178332A279B9300E5AFCB /* ScrollFlex.docc */; };
		B111783A2A279B9300E5AFCB /* ScrollFlex.framework in Frameworks */ = {isa = PBXBuildFile; fileRef = B111782F2A279B9300E5AFCB /* ScrollFlex.framework */; };
		B111783F2A279B9300E5AFCB /* ScrollFlexTests.swift in Sources */ = {isa = PBXBuildFile; fileRef = B111783E2A279B9300E5AFCB /* ScrollFlexTests.swift */; };
		B11178402A279B9300E5AFCB /* ScrollFlex.h in Headers */ = {isa = PBXBuildFile; fileRef = B11178322A279B9300E5AFCB /* ScrollFlex.h */; settings = {ATTRIBUTES = (Public, ); }; };
/* End PBXBuildFile section */

/* Begin PBXContainerItemProxy section */
		B111783B2A279B9300E5AFCB /* PBXContainerItemProxy */ = {
			isa = PBXContainerItemProxy;
			containerPortal = B11178262A279B9300E5AFCB /* Project object */;
			proxyType = 1;
			remoteGlobalIDString = B111782E2A279B9300E5AFCB;
			remoteInfo = ScrollFlex;
		};
/* End PBXContainerItemProxy section */

/* Begin PBXFileReference section */
		B111782F2A279B9300E5AFCB /* ScrollFlex.framework */ = {isa = PBXFileReference; explicitFileType = wrapper.framework; includeInIndex = 0; path = ScrollFlex.framework; sourceTree = BUILT_PRODUCTS_DIR; };
		B11178322A279B9300E5AFCB /* ScrollFlex.h */ = {isa = PBXFileReference; lastKnownFileType = sourcecode.c.h; path = ScrollFlex.h; sourceTree = "<group>"; };
		B11178332A279B9300E5AFCB /* ScrollFlex.docc */ = {isa = PBXFileReference; lastKnownFileType = folder.documentationcatalog; path = ScrollFlex.docc; sourceTree = "<group>"; };
		B11178392A279B9300E5AFCB /* ScrollFlexTests.xctest */ = {isa = PBXFileReference; explicitFileType = wrapper.cfbundle; includeInIndex = 0; path = ScrollFlexTests.xctest; sourceTree = BUILT_PRODUCTS_DIR; };
		B111783E2A279B9300E5AFCB /* ScrollFlexTests.swift */ = {isa = PBXFileReference; lastKnownFileType = sourcecode.swift; path = ScrollFlexTests.swift; sourceTree = "<group>"; };
/* End PBXFileReference section */

/* Begin PBXFrameworksBuildPhase section */
		B111782C2A279B9300E5AFCB /* Frameworks */ = {
			isa = PBXFrameworksBuildPhase;
			buildActionMask = 2147483647;
			files = (
			);
			runOnlyForDeploymentPostprocessing = 0;
		};
		B11178362A279B9300E5AFCB /* Frameworks */ = {
			isa = PBXFrameworksBuildPhase;
			buildActionMask = 2147483647;
			files = (
				B111783A2A279B9300E5AFCB /* ScrollFlex.framework in Frameworks */,
			);
			runOnlyForDeploymentPostprocessing = 0;
		};
/* End PBXFrameworksBuildPhase section */

/* Begin PBXGroup section */
		B11178252A279B9300E5AFCB = {
			isa = PBXGroup;
			children = (
				B11178312A279B9300E5AFCB /* ScrollFlex */,
				B111783D2A279B9300E5AFCB /* ScrollFlexTests */,
				B11178302A279B9300E5AFCB /* Products */,
			);
			sourceTree = "<group>";
		};
		B11178302A279B9300E5AFCB /* Products */ = {
			isa = PBXGroup;
			children = (
				B111782F2A279B9300E5AFCB /* ScrollFlex.framework */,
				B11178392A279B9300E5AFCB /* ScrollFlexTests.xctest */,
			);
			name = Products;
			sourceTree = "<group>";
		};
		B11178312A279B9300E5AFCB /* ScrollFlex */ = {
			isa = PBXGroup;
			children = (
				B11178322A279B9300E5AFCB /* ScrollFlex.h */,
				B11178332A279B9300E5AFCB /* ScrollFlex.docc */,
			);
			path = ScrollFlex;
			sourceTree = "<group>";
		};
		B111783D2A279B9300E5AFCB /* ScrollFlexTests */ = {
			isa = PBXGroup;
			children = (
				B111783E2A279B9300E5AFCB /* ScrollFlexTests.swift */,
			);
			path = ScrollFlexTests;
			sourceTree = "<group>";
		};
/* End PBXGroup section */

/* Begin PBXHeadersBuildPhase section */
		B111782A2A279B9300E5AFCB /* Headers */ = {
			isa = PBXHeadersBuildPhase;
			buildActionMask = 2147483647;
			files = (
				B11178402A279B9300E5AFCB /* ScrollFlex.h in Headers */,
			);
			runOnlyForDeploymentPostprocessing = 0;
		};
/* End PBXHeadersBuildPhase section */

/* Begin PBXNativeTarget section */
		B111782E2A279B9300E5AFCB /* ScrollFlex */ = {
			isa = PBXNativeTarget;
			buildConfigurationList = B11178432A279B9300E5AFCB /* Build configuration list for PBXNativeTarget "ScrollFlex" */;
			buildPhases = (
				B111782A2A279B9300E5AFCB /* Headers */,
				B111782B2A279B9300E5AFCB /* Sources */,
				B111782C2A279B9300E5AFCB /* Frameworks */,
				B111782D2A279B9300E5AFCB /* Resources */,
			);
			buildRules = (
			);
			dependencies = (
			);
			name = ScrollFlex;
			productName = ScrollFlex;
			productReference = B111782F2A279B9300E5AFCB /* ScrollFlex.framework */;
			productType = "com.apple.product-type.framework";
		};
		B11178382A279B9300E5AFCB /* ScrollFlexTests */ = {
			isa = PBXNativeTarget;
			buildConfigurationList = B11178462A279B9300E5AFCB /* Build configuration list for PBXNativeTarget "ScrollFlexTests" */;
			buildPhases = (
				B11178352A279B9300E5AFCB /* Sources */,
				B11178362A279B9300E5AFCB /* Frameworks */,
				B11178372A279B9300E5AFCB /* Resources */,
			);
			buildRules = (
			);
			dependencies = (
				B111783C2A279B9300E5AFCB /* PBXTargetDependency */,
			);
			name = ScrollFlexTests;
			productName = ScrollFlexTests;
			productReference = B11178392A279B9300E5AFCB /* ScrollFlexTests.xctest */;
			productType = "com.apple.product-type.bundle.unit-test";
		};
/* End PBXNativeTarget section */

/* Begin PBXProject section */
		B11178262A279B9300E5AFCB /* Project object */ = {
			isa = PBXProject;
			attributes = {
				BuildIndependentTargetsInParallel = 1;
				LastSwiftUpdateCheck = 1410;
				LastUpgradeCheck = 1410;
				TargetAttributes = {
					B111782E2A279B9300E5AFCB = {
						CreatedOnToolsVersion = 14.1;
					};
					B11178382A279B9300E5AFCB = {
						CreatedOnToolsVersion = 14.1;
					};
				};
			};
			buildConfigurationList = B11178292A279B9300E5AFCB /* Build configuration list for PBXProject "ScrollFlex" */;
			compatibilityVersion = "Xcode 14.0";
			developmentRegion = en;
			hasScannedForEncodings = 0;
			knownRegions = (
				en,
				Base,
			);
			mainGroup = B11178252A279B9300E5AFCB;
			productRefGroup = B11178302A279B9300E5AFCB /* Products */;
			projectDirPath = "";
			projectRoot = "";
			targets = (
				B111782E2A279B9300E5AFCB /* ScrollFlex */,
				B11178382A279B9300E5AFCB /* ScrollFlexTests */,
			);
		};
/* End PBXProject section */

/* Begin PBXResourcesBuildPhase section */
		B111782D2A279B9300E5AFCB /* Resources */ = {
			isa = PBXResourcesBuildPhase;
			buildActionMask = 2147483647;
			files = (
			);
			runOnlyForDeploymentPostprocessing = 0;
		};
		B11178372A279B9300E5AFCB /* Resources */ = {
			isa = PBXResourcesBuildPhase;
			buildActionMask = 2147483647;
			files = (
			);
			runOnlyForDeploymentPostprocessing = 0;
		};
/* End PBXResourcesBuildPhase section */

/* Begin PBXSourcesBuildPhase section */
		B111782B2A279B9300E5AFCB /* Sources */ = {
			isa = PBXSourcesBuildPhase;
			buildActionMask = 2147483647;
			files = (
				B11178342A279B9300E5AFCB /* ScrollFlex.docc in Sources */,
			);
			runOnlyForDeploymentPostprocessing = 0;
		};
		B11178352A279B9300E5AFCB /* Sources */ = {
			isa = PBXSourcesBuildPhase;
			buildActionMask = 2147483647;
			files = (
				B111783F2A279B9300E5AFCB /* ScrollFlexTests.swift in Sources */,
			);
			runOnlyForDeploymentPostprocessing = 0;
		};
/* End PBXSourcesBuildPhase section */

/* Begin PBXTargetDependency section */
		B111783C2A279B9300E5AFCB /* PBXTargetDependency */ = {
			isa = PBXTargetDependency;
			target = B111782E2A279B9300E5AFCB /* ScrollFlex */;
			targetProxy = B111783B2A279B9300E5AFCB /* PBXContainerItemProxy */;
		};
/* End PBXTargetDependency section */

/* Begin XCBuildConfiguration section */
		B11178412A279B9300E5AFCB /* Debug */ = {
			isa = XCBuildConfiguration;
			buildSettings = {
				ALWAYS_SEARCH_USER_PATHS = NO;
				CLANG_ANALYZER_NONNULL = YES;
				CLANG_ANALYZER_NUMBER_OBJECT_CONVERSION = YES_AGGRESSIVE;
				CLANG_CXX_LANGUAGE_STANDARD = "gnu++20";
				CLANG_ENABLE_MODULES = YES;
				CLANG_ENABLE_OBJC_ARC = YES;
				CLANG_ENABLE_OBJC_WEAK = YES;
				CLANG_WARN_BLOCK_CAPTURE_AUTORELEASING = YES;
				CLANG_WARN_BOOL_CONVERSION = YES;
				CLANG_WARN_COMMA = YES;
				CLANG_WARN_CONSTANT_CONVERSION = YES;
				CLANG_WARN_DEPRECATED_OBJC_IMPLEMENTATIONS = YES;
				CLANG_WARN_DIRECT_OBJC_ISA_USAGE = YES_ERROR;
				CLANG_WARN_DOCUMENTATION_COMMENTS = YES;
				CLANG_WARN_EMPTY_BODY = YES;
				CLANG_WARN_ENUM_CONVERSION = YES;
				CLANG_WARN_INFINITE_RECURSION = YES;
				CLANG_WARN_INT_CONVERSION = YES;
				CLANG_WARN_NON_LITERAL_NULL_CONVERSION = YES;
				CLANG_WARN_OBJC_IMPLICIT_RETAIN_SELF = YES;
				CLANG_WARN_OBJC_LITERAL_CONVERSION = YES;
				CLANG_WARN_OBJC_ROOT_CLASS = YES_ERROR;
				CLANG_WARN_QUOTED_INCLUDE_IN_FRAMEWORK_HEADER = YES;
				CLANG_WARN_RANGE_LOOP_ANALYSIS = YES;
				CLANG_WARN_STRICT_PROTOTYPES = YES;
				CLANG_WARN_SUSPICIOUS_MOVE = YES;
				CLANG_WARN_UNGUARDED_AVAILABILITY = YES_AGGRESSIVE;
				CLANG_WARN_UNREACHABLE_CODE = YES;
				CLANG_WARN__DUPLICATE_METHOD_MATCH = YES;
				COPY_PHASE_STRIP = NO;
				CURRENT_PROJECT_VERSION = 1;
				DEBUG_INFORMATION_FORMAT = dwarf;
				ENABLE_STRICT_OBJC_MSGSEND = YES;
				ENABLE_TESTABILITY = YES;
				GCC_C_LANGUAGE_STANDARD = gnu11;
				GCC_DYNAMIC_NO_PIC = NO;
				GCC_NO_COMMON_BLOCKS = YES;
				GCC_OPTIMIZATION_LEVEL = 0;
				GCC_PREPROCESSOR_DEFINITIONS = (
					"DEBUG=1",
					"$(inherited)",
				);
				GCC_WARN_64_TO_32_BIT_CONVERSION = YES;
				GCC_WARN_ABOUT_RETURN_TYPE = YES_ERROR;
				GCC_WARN_UNDECLARED_SELECTOR = YES;
				GCC_WARN_UNINITIALIZED_AUTOS = YES_AGGRESSIVE;
				GCC_WARN_UNUSED_FUNCTION = YES;
				GCC_WARN_UNUSED_VARIABLE = YES;
				IPHONEOS_DEPLOYMENT_TARGET = 16.1;
				MTL_ENABLE_DEBUG_INFO = INCLUDE_SOURCE;
				MTL_FAST_MATH = YES;
				ONLY_ACTIVE_ARCH = YES;
				SDKROOT = iphoneos;
				SWIFT_ACTIVE_COMPILATION_CONDITIONS = DEBUG;
				SWIFT_OPTIMIZATION_LEVEL = "-Onone";
				VERSIONING_SYSTEM = "apple-generic";
				VERSION_INFO_PREFIX = "";
			};
			name = Debug;
		};
		B11178422A279B9300E5AFCB /* Release */ = {
			isa = XCBuildConfiguration;
			buildSettings = {
				ALWAYS_SEARCH_USER_PATHS = NO;
				CLANG_ANALYZER_NONNULL = YES;
				CLANG_ANALYZER_NUMBER_OBJECT_CONVERSION = YES_AGGRESSIVE;
				CLANG_CXX_LANGUAGE_STANDARD = "gnu++20";
				CLANG_ENABLE_MODULES = YES;
				CLANG_ENABLE_OBJC_ARC = YES;
				CLANG_ENABLE_OBJC_WEAK = YES;
				CLANG_WARN_BLOCK_CAPTURE_AUTORELEASING = YES;
				CLANG_WARN_BOOL_CONVERSION = YES;
				CLANG_WARN_COMMA = YES;
				CLANG_WARN_CONSTANT_CONVERSION = YES;
				CLANG_WARN_DEPRECATED_OBJC_IMPLEMENTATIONS = YES;
				CLANG_WARN_DIRECT_OBJC_ISA_USAGE = YES_ERROR;
				CLANG_WARN_DOCUMENTATION_COMMENTS = YES;
				CLANG_WARN_EMPTY_BODY = YES;
				CLANG_WARN_ENUM_CONVERSION = YES;
				CLANG_WARN_INFINITE_RECURSION = YES;
				CLANG_WARN_INT_CONVERSION = YES;
				CLANG_WARN_NON_LITERAL_NULL_CONVERSION = YES;
				CLANG_WARN_OBJC_IMPLICIT_RETAIN_SELF = YES;
				CLANG_WARN_OBJC_LITERAL_CONVERSION = YES;
				CLANG_WARN_OBJC_ROOT_CLASS = YES_ERROR;
				CLANG_WARN_QUOTED_INCLUDE_IN_FRAMEWORK_HEADER = YES;
				CLANG_WARN_RANGE_LOOP_ANALYSIS = YES;
				CLANG_WARN_STRICT_PROTOTYPES = YES;
				CLANG_WARN_SUSPICIOUS_MOVE = YES;
				CLANG_WARN_UNGUARDED_AVAILABILITY = YES_AGGRESSIVE;
				CLANG_WARN_UNREACHABLE_CODE = YES;
				CLANG_WARN__DUPLICATE_METHOD_MATCH = YES;
				COPY_PHASE_STRIP = NO;
				CURRENT_PROJECT_VERSION = 1;
				DEBUG_INFORMATION_FORMAT = "dwarf-with-dsym";
				ENABLE_NS_ASSERTIONS = NO;
				ENABLE_STRICT_OBJC_MSGSEND = YES;
				GCC_C_LANGUAGE_STANDARD = gnu11;
				GCC_NO_COMMON_BLOCKS = YES;
				GCC_WARN_64_TO_32_BIT_CONVERSION = YES;
				GCC_WARN_ABOUT_RETURN_TYPE = YES_ERROR;
				GCC_WARN_UNDECLARED_SELECTOR = YES;
				GCC_WARN_UNINITIALIZED_AUTOS = YES_AGGRESSIVE;
				GCC_WARN_UNUSED_FUNCTION = YES;
				GCC_WARN_UNUSED_VARIABLE = YES;
				IPHONEOS_DEPLOYMENT_TARGET = 16.1;
				MTL_ENABLE_DEBUG_INFO = NO;
				MTL_FAST_MATH = YES;
				SDKROOT = iphoneos;
				SWIFT_COMPILATION_MODE = wholemodule;
				SWIFT_OPTIMIZATION_LEVEL = "-O";
				VALIDATE_PRODUCT = YES;
				VERSIONING_SYSTEM = "apple-generic";
				VERSION_INFO_PREFIX = "";
			};
			name = Release;
		};
		B11178442A279B9300E5AFCB /* Debug */ = {
			isa = XCBuildConfiguration;
			buildSettings = {
				CODE_SIGN_STYLE = Automatic;
				CURRENT_PROJECT_VERSION = 1;
				DEFINES_MODULE = YES;
				DEVELOPMENT_TEAM = BZ3MT5ADYB;
				DYLIB_COMPATIBILITY_VERSION = 1;
				DYLIB_CURRENT_VERSION = 1;
				DYLIB_INSTALL_NAME_BASE = "@rpath";
				GENERATE_INFOPLIST_FILE = YES;
				INFOPLIST_KEY_NSHumanReadableCopyright = "";
				INSTALL_PATH = "$(LOCAL_LIBRARY_DIR)/Frameworks";
				LD_RUNPATH_SEARCH_PATHS = (
					"$(inherited)",
					"@executable_path/Frameworks",
					"@loader_path/Frameworks",
				);
				MARKETING_VERSION = 1.0;
				PRODUCT_BUNDLE_IDENTIFIER = com.km.scrollflex.ScrollFlex;
				PRODUCT_NAME = "$(TARGET_NAME:c99extidentifier)";
				SKIP_INSTALL = YES;
				SWIFT_EMIT_LOC_STRINGS = YES;
				SWIFT_VERSION = 5.0;
				TARGETED_DEVICE_FAMILY = "1,2";
			};
			name = Debug;
		};
		B11178452A279B9300E5AFCB /* Release */ = {
			isa = XCBuildConfiguration;
			buildSettings = {
				CODE_SIGN_STYLE = Automatic;
				CURRENT_PROJECT_VERSION = 1;
				DEFINES_MODULE = YES;
				DEVELOPMENT_TEAM = BZ3MT5ADYB;
				DYLIB_COMPATIBILITY_VERSION = 1;
				DYLIB_CURRENT_VERSION = 1;
				DYLIB_INSTALL_NAME_BASE = "@rpath";
				GENERATE_INFOPLIST_FILE = YES;
				INFOPLIST_KEY_NSHumanReadableCopyright = "";
				INSTALL_PATH = "$(LOCAL_LIBRARY_DIR)/Frameworks";
				LD_RUNPATH_SEARCH_PATHS = (
					"$(inherited)",
					"@executable_path/Frameworks",
					"@loader_path/Frameworks",
				);
				MARKETING_VERSION = 1.0;
				PRODUCT_BUNDLE_IDENTIFIER = com.km.scrollflex.ScrollFlex;
				PRODUCT_NAME = "$(TARGET_NAME:c99extidentifier)";
				SKIP_INSTALL = YES;
				SWIFT_EMIT_LOC_STRINGS = YES;
				SWIFT_VERSION = 5.0;
				TARGETED_DEVICE_FAMILY = "1,2";
			};
			name = Release;
		};
		B11178472A279B9300E5AFCB /* Debug */ = {
			isa = XCBuildConfiguration;
			buildSettings = {
				CODE_SIGN_STYLE = Automatic;
				CURRENT_PROJECT_VERSION = 1;
				DEVELOPMENT_TEAM = BZ3MT5ADYB;
				GENERATE_INFOPLIST_FILE = YES;
				MARKETING_VERSION = 1.0;
				PRODUCT_BUNDLE_IDENTIFIER = com.km.scrollflex.ScrollFlexTests;
				PRODUCT_NAME = "$(TARGET_NAME)";
				SWIFT_EMIT_LOC_STRINGS = NO;
				SWIFT_VERSION = 5.0;
				TARGETED_DEVICE_FAMILY = "1,2";
			};
			name = Debug;
		};
		B11178482A279B9300E5AFCB /* Release */ = {
			isa = XCBuildConfiguration;
			buildSettings = {
				CODE_SIGN_STYLE = Automatic;
				CURRENT_PROJECT_VERSION = 1;
				DEVELOPMENT_TEAM = BZ3MT5ADYB;
				GENERATE_INFOPLIST_FILE = YES;
				MARKETING_VERSION = 1.0;
				PRODUCT_BUNDLE_IDENTIFIER = com.km.scrollflex.ScrollFlexTests;
				PRODUCT_NAME = "$(TARGET_NAME)";
				SWIFT_EMIT_LOC_STRINGS = NO;
				SWIFT_VERSION = 5.0;
				TARGETED_DEVICE_FAMILY = "1,2";
			};
			name = Release;
		};
/* End XCBuildConfiguration section */

/* Begin XCConfigurationList section */
		B11178292A279B9300E5AFCB /* Build configuration list for PBXProject "ScrollFlex" */ = {
			isa = XCConfigurationList;
			buildConfigurations = (
				B11178412A279B9300E5AFCB /* Debug */,
				B11178422A279B9300E5AFCB /* Release */,
			);
			defaultConfigurationIsVisible = 0;
			defaultConfigurationName = Release;
		};
		B11178432A279B9300E5AFCB /* Build configuration list for PBXNativeTarget "ScrollFlex" */ = {
			isa = XCConfigurationList;
			buildConfigurations = (
				B11178442A279B9300E5AFCB /* Debug */,
				B11178452A279B9300E5AFCB /* Release */,
			);
			defaultConfigurationIsVisible = 0;
			defaultConfigurationName = Release;
		};
		B11178462A279B9300E5AFCB /* Build configuration list for PBXNativeTarget "ScrollFlexTests" */ = {
			isa = XCConfigurationList;
			buildConfigurations = (
				B11178472A279B9300E5AFCB /* Debug */,
				B11178482A279B9300E5AFCB /* Release */,
			);
			defaultConfigurationIsVisible = 0;
			defaultConfigurationName = Release;
		};
/* End XCConfigurationList section */
	};
	rootObject = B11178262A279B9300E5AFCB /* Project object */;
}
